
Microsoft Visual Studio Solution File, Format Version 12.00
# Visual Studio 14
VisualStudioVersion = 14.0.23107.0
MinimumVisualStudioVersion = 10.0.40219.1
Project("{FAE04EC0-301F-11D3-BF4B-00C04F79EFBC}") = "MdsWebServiceClient.TestConsole", "MdsWebServiceClient.TestConsole\MdsWebServiceClient.TestConsole.csproj", "{676B17E1-514B-45C3-A20F-7681F656C3B0}"
EndProject
Project("{FAE04EC0-301F-11D3-BF4B-00C04F79EFBC}") = "Dropman.Mds.Ws", "Dropman.Mds.Ws\Dropman.Mds.Ws.csproj", "{F012FE73-11FA-4310-BB3E-BB53D410C0C6}"
EndProject
Project("{FAE04EC0-301F-11D3-BF4B-00C04F79EFBC}") = "Isb.Model", "Isb.Model\Isb.Model.csproj", "{45C192AB-789C-434F-B21C-00E72BDEDBB9}"
EndProject
Global
	GlobalSection(SolutionConfigurationPlatforms) = preSolution
		Debug|Any CPU = Debug|Any CPU
		Release|Any CPU = Release|Any CPU
	EndGlobalSection
	GlobalSection(ProjectConfigurationPlatforms) = postSolution
		{676B17E1-514B-45C3-A20F-7681F656C3B0}.Debug|Any CPU.ActiveCfg = Debug|Any CPU
		{676B17E1-514B-45C3-A20F-7681F656C3B0}.Debug|Any CPU.Build.0 = Debug|Any CPU
		{676B17E1-514B-45C3-A20F-7681F656C3B0}.Release|Any CPU.ActiveCfg = Release|Any CPU
		{676B17E1-514B-45C3-A20F-7681F656C3B0}.Release|Any CPU.Build.0 = Release|Any CPU
		{F012FE73-11FA-4310-BB3E-BB53D410C0C6}.Debug|Any CPU.ActiveCfg = Debug|Any CPU
		{F012FE73-11FA-4310-BB3E-BB53D410C0C6}.Debug|Any CPU.Build.0 = Debug|Any CPU
		{F012FE73-11FA-4310-BB3E-BB53D410C0C6}.Release|Any CPU.ActiveCfg = Release|Any CPU
		{F012FE73-11FA-4310-BB3E-BB53D410C0C6}.Release|Any CPU.Build.0 = Release|Any CPU
		{45C192AB-789C-434F-B21C-00E72BDEDBB9}.Debug|Any CPU.ActiveCfg = Debug|Any CPU
		{45C192AB-789C-434F-B21C-00E72BDEDBB9}.Debug|Any CPU.Build.0 = Debug|Any CPU
		{45C192AB-789C-434F-B21C-00E72BDEDBB9}.Release|Any CPU.ActiveCfg = Release|Any CPU
		{45C192AB-789C-434F-B21C-00E72BDEDBB9}.Release|Any CPU.Build.0 = Release|Any CPU
	EndGlobalSection
	GlobalSection(SolutionProperties) = preSolution
		HideSolutionNode = FALSE
	EndGlobalSection
EndGlobal
